<?xml version="1.0" encoding="utf-8"?>
<Project ToolsVersion="4.0" xmlns="http://schemas.microsoft.com/developer/msbuild/2003">
  <ItemGroup>
    <Filter Include="Events">
      <UniqueIdentifier>{3A8963B1-262B-8E87-0FE6-A1DBFB2615D8}</UniqueIdentifier>
    </Filter>
    <Filter Include="Math">
      <UniqueIdentifier>{AFF4887C-9B2B-8A0D-4418-7010302E060F}</UniqueIdentifier>
    </Filter>
    <Filter Include="Vulkan">
      <UniqueIdentifier>{D6EAFCD8-C28C-27AF-AB47-3B039788AEFF}</UniqueIdentifier>
    </Filter>
  </ItemGroup>
  <ItemGroup>
    <ClInclude Include="App.h" />
    <ClInclude Include="Events\Event.h">
      <Filter>Events</Filter>
    </ClInclude>
    <ClInclude Include="Events\WindowEvent.h">
      <Filter>Events</Filter>
    </ClInclude>
    <ClInclude Include="FileSystem.h" />
    <ClInclude Include="Math\Euler.h">
      <Filter>Math</Filter>
    </ClInclude>
    <ClInclude Include="Math\Math.h">
      <Filter>Math</Filter>
    </ClInclude>
    <ClInclude Include="Math\Matrix.h">
      <Filter>Math</Filter>
    </ClInclude>
    <ClInclude Include="Math\Plane.h">
      <Filter>Math</Filter>
    </ClInclude>
    <ClInclude Include="Math\Quaternion.h">
      <Filter>Math</Filter>
    </ClInclude>
    <ClInclude Include="Math\Rect.h">
      <Filter>Math</Filter>
    </ClInclude>
    <ClInclude Include="Math\Sphere.h">
      <Filter>Math</Filter>
    </ClInclude>
    <ClInclude Include="Math\Vector.h">
      <Filter>Math</Filter>
    </ClInclude>
    <ClInclude Include="Model.h" />
    <ClInclude Include="Resource.h" />
    <ClInclude Include="ResourceMgr.h" />
    <ClInclude Include="Texture.h" />
    <ClInclude Include="Utils.h" />
    <ClInclude Include="Vulkan\VKRenderer.h">
      <Filter>Vulkan</Filter>
    </ClInclude>
    <ClInclude Include="Vulkan\VKShader.h">
      <Filter>Vulkan</Filter>
    </ClInclude>
    <ClInclude Include="Vulkan\VKVertex.h">
      <Filter>Vulkan</Filter>
    </ClInclude>
    <ClInclude Include="Window.h" />
    <ClInclude Include="Events\EventHandler.h" />
  </ItemGroup>
  <ItemGroup>
    <ClCompile Include="App.cpp" />
    <ClCompile Include="FileSystem.cpp" />
    <ClCompile Include="Math\Euler.cpp">
      <Filter>Math</Filter>
    </ClCompile>
    <ClCompile Include="Math\Matrix2.cpp">
      <Filter>Math</Filter>
    </ClCompile>
    <ClCompile Include="Math\Matrix3.cpp">
      <Filter>Math</Filter>
    </ClCompile>
    <ClCompile Include="Math\Matrix4.cpp">
      <Filter>Math</Filter>
    </ClCompile>
    <ClCompile Include="Math\Plane.cpp">
      <Filter>Math</Filter>
    </ClCompile>
    <ClCompile Include="Math\Quaternion.cpp">
      <Filter>Math</Filter>
    </ClCompile>
    <ClCompile Include="Math\Sphere.cpp">
      <Filter>Math</Filter>
    </ClCompile>
    <ClCompile Include="Math\Vector2.cpp">
      <Filter>Math</Filter>
    </ClCompile>
    <ClCompile Include="Math\Vector3.cpp">
      <Filter>Math</Filter>
    </ClCompile>
    <ClCompile Include="Math\Vector4.cpp">
      <Filter>Math</Filter>
    </ClCompile>
    <ClCompile Include="Model.cpp" />
    <ClCompile Include="ResourceMgr.cpp" />
    <ClCompile Include="Texture.cpp" />
    <ClCompile Include="Vulkan\VKRenderer.cpp">
      <Filter>Vulkan</Filter>
    </ClCompile>
    <ClCompile Include="Vulkan\VKShader.cpp">
      <Filter>Vulkan</Filter>
    </ClCompile>
    <ClCompile Include="Window.cpp" />
    <ClCompile Include="Events\EventHandler.cpp" />
  </ItemGroup>
</Project>